{
  "name": "class2",
  "version": "1.0.0",
  "lockfileVersion": 3,
  "requires": true,
  "packages": {
    "": {
      "name": "class2",
      "version": "1.0.0",
      "license": "MIT",
      "dependencies": {
        "class2": "^1.0.0"
      }
    },
    "node_modules/class2": {
      "version": "1.0.0",
      "resolved": "https://registry.npmjs.org/class2/-/class2-1.0.0.tgz",
      "integrity": "sha512-coJdlTNdhDajfqsNneTkvDZogJwyRrw+aKqtplHkXhvAk3qXSuVCVYt7ZI5qHwkMnSU1IKf9Dw7u3dK1ArhHCQ=="
    }
  }
}
